// !$*UTF8*$!
{
	archiveVersion = 1;
	classes = {
	};
	objectVersion = 56;
	objects = {

/* Begin PBXBuildFile section */
		47130B5C2AE9D3A800200D99 /* GitHubSearchingClientApp.swift in Sources */ = {isa = PBXBuildFile; fileRef = 47130B5B2AE9D3A800200D99 /* GitHubSearchingClientApp.swift */; };
		47130B5E2AE9D3A800200D99 /* ContentView.swift in Sources */ = {isa = PBXBuildFile; fileRef = 47130B5D2AE9D3A800200D99 /* ContentView.swift */; };
		47130B602AE9D3A900200D99 /* Assets.xcassets in Resources */ = {isa = PBXBuildFile; fileRef = 47130B5F2AE9D3A900200D99 /* Assets.xcassets */; };
		47130B632AE9D3A900200D99 /* Preview Assets.xcassets in Resources */ = {isa = PBXBuildFile; fileRef = 47130B622AE9D3A900200D99 /* Preview Assets.xcassets */; };
		47130B6D2AE9D3AA00200D99 /* GitHubSearchingClientTests.swift in Sources */ = {isa = PBXBuildFile; fileRef = 47130B6C2AE9D3AA00200D99 /* GitHubSearchingClientTests.swift */; };
		47130B772AE9D3AA00200D99 /* GitHubSearchingClientUITests.swift in Sources */ = {isa = PBXBuildFile; fileRef = 47130B762AE9D3AA00200D99 /* GitHubSearchingClientUITests.swift */; };
		47130B792AE9D3AA00200D99 /* GitHubSearchingClientUITestsLaunchTests.swift in Sources */ = {isa = PBXBuildFile; fileRef = 47130B782AE9D3AA00200D99 /* GitHubSearchingClientUITestsLaunchTests.swift */; };
		47130B8C2AE9DE2900200D99 /* Owner.swift in Sources */ = {isa = PBXBuildFile; fileRef = 47130B892AE9DE2900200D99 /* Owner.swift */; };
		47130B8D2AE9DE2900200D99 /* Repository.swift in Sources */ = {isa = PBXBuildFile; fileRef = 47130B8A2AE9DE2900200D99 /* Repository.swift */; };
		47130B8E2AE9DE2900200D99 /* SearchResult.swift in Sources */ = {isa = PBXBuildFile; fileRef = 47130B8B2AE9DE2900200D99 /* SearchResult.swift */; };
		47130B902AE9DF0400200D99 /* WebService.swift in Sources */ = {isa = PBXBuildFile; fileRef = 47130B8F2AE9DF0400200D99 /* WebService.swift */; };
/* End PBXBuildFile section */

/* Begin PBXContainerItemProxy section */
		47130B692AE9D3AA00200D99 /* PBXContainerItemProxy */ = {
			isa = PBXContainerItemProxy;
			containerPortal = 47130B502AE9D3A800200D99 /* Project object */;
			proxyType = 1;
			remoteGlobalIDString = 47130B572AE9D3A800200D99;
			remoteInfo = GitHubSearchingClient;
		};
		47130B732AE9D3AA00200D99 /* PBXContainerItemProxy */ = {
			isa = PBXContainerItemProxy;
			containerPortal = 47130B502AE9D3A800200D99 /* Project object */;
			proxyType = 1;
			remoteGlobalIDString = 47130B572AE9D3A800200D99;
			remoteInfo = GitHubSearchingClient;
		};
/* End PBXContainerItemProxy section */

/* Begin PBXFileReference section */
		47130B582AE9D3A800200D99 /* GitHubSearchingClient.app */ = {isa = PBXFileReference; explicitFileType = wrapper.application; includeInIndex = 0; path = GitHubSearchingClient.app; sourceTree = BUILT_PRODUCTS_DIR; };
		47130B5B2AE9D3A800200D99 /* GitHubSearchingClientApp.swift */ = {isa = PBXFileReference; lastKnownFileType = sourcecode.swift; path = GitHubSearchingClientApp.swift; sourceTree = "<group>"; };
		47130B5D2AE9D3A800200D99 /* ContentView.swift */ = {isa = PBXFileReference; lastKnownFileType = sourcecode.swift; path = ContentView.swift; sourceTree = "<group>"; };
		47130B5F2AE9D3A900200D99 /* Assets.xcassets */ = {isa = PBXFileReference; lastKnownFileType = folder.assetcatalog; path = Assets.xcassets; sourceTree = "<group>"; };
		47130B622AE9D3A900200D99 /* Preview Assets.xcassets */ = {isa = PBXFileReference; lastKnownFileType = folder.assetcatalog; path = "Preview Assets.xcassets"; sourceTree = "<group>"; };
		47130B682AE9D3AA00200D99 /* GitHubSearchingClientTests.xctest */ = {isa = PBXFileReference; explicitFileType = wrapper.cfbundle; includeInIndex = 0; path = GitHubSearchingClientTests.xctest; sourceTree = BUILT_PRODUCTS_DIR; };
		47130B6C2AE9D3AA00200D99 /* GitHubSearchingClientTests.swift */ = {isa = PBXFileReference; lastKnownFileType = sourcecode.swift; path = GitHubSearchingClientTests.swift; sourceTree = "<group>"; };
		47130B722AE9D3AA00200D99 /* GitHubSearchingClientUITests.xctest */ = {isa = PBXFileReference; explicitFileType = wrapper.cfbundle; includeInIndex = 0; path = GitHubSearchingClientUITests.xctest; sourceTree = BUILT_PRODUCTS_DIR; };
		47130B762AE9D3AA00200D99 /* GitHubSearchingClientUITests.swift */ = {isa = PBXFileReference; lastKnownFileType = sourcecode.swift; path = GitHubSearchingClientUITests.swift; sourceTree = "<group>"; };
		47130B782AE9D3AA00200D99 /* GitHubSearchingClientUITestsLaunchTests.swift */ = {isa = PBXFileReference; lastKnownFileType = sourcecode.swift; path = GitHubSearchingClientUITestsLaunchTests.swift; sourceTree = "<group>"; };
		47130B892AE9DE2900200D99 /* Owner.swift */ = {isa = PBXFileReference; fileEncoding = 4; lastKnownFileType = sourcecode.swift; path = Owner.swift; sourceTree = "<group>"; };
		47130B8A2AE9DE2900200D99 /* Repository.swift */ = {isa = PBXFileReference; fileEncoding = 4; lastKnownFileType = sourcecode.swift; path = Repository.swift; sourceTree = "<group>"; };
		47130B8B2AE9DE2900200D99 /* SearchResult.swift */ = {isa = PBXFileReference; fileEncoding = 4; lastKnownFileType = sourcecode.swift; path = SearchResult.swift; sourceTree = "<group>"; };
		47130B8F2AE9DF0400200D99 /* WebService.swift */ = {isa = PBXFileReference; fileEncoding = 4; lastKnownFileType = sourcecode.swift; path = WebService.swift; sourceTree = "<group>"; };
/* End PBXFileReference section */

/* Begin PBXFrameworksBuildPhase section */
		47130B552AE9D3A800200D99 /* Frameworks */ = {
			isa = PBXFrameworksBuildPhase;
			buildActionMask = 2147483647;
			files = (
			);
			runOnlyForDeploymentPostprocessing = 0;
		};
		47130B652AE9D3AA00200D99 /* Frameworks */ = {
			isa = PBXFrameworksBuildPhase;
			buildActionMask = 2147483647;
			files = (
			);
			runOnlyForDeploymentPostprocessing = 0;
		};
		47130B6F2AE9D3AA00200D99 /* Frameworks */ = {
			isa = PBXFrameworksBuildPhase;
			buildActionMask = 2147483647;
			files = (
			);
			runOnlyForDeploymentPostprocessing = 0;
		};
/* End PBXFrameworksBuildPhase section */

/* Begin PBXGroup section */
		47130B4F2AE9D3A800200D99 = {
			isa = PBXGroup;
			children = (
				47130B5A2AE9D3A800200D99 /* GitHubSearchingClient */,
				47130B6B2AE9D3AA00200D99 /* GitHubSearchingClientTests */,
				47130B752AE9D3AA00200D99 /* GitHubSearchingClientUITests */,
				47130B592AE9D3A800200D99 /* Products */,
			);
			sourceTree = "<group>";
		};
		47130B592AE9D3A800200D99 /* Products */ = {
			isa = PBXGroup;
			children = (
				47130B582AE9D3A800200D99 /* GitHubSearchingClient.app */,
				47130B682AE9D3AA00200D99 /* GitHubSearchingClientTests.xctest */,
				47130B722AE9D3AA00200D99 /* GitHubSearchingClientUITests.xctest */,
			);
			name = Products;
			sourceTree = "<group>";
		};
		47130B5A2AE9D3A800200D99 /* GitHubSearchingClient */ = {
			isa = PBXGroup;
			children = (
				47130B5B2AE9D3A800200D99 /* GitHubSearchingClientApp.swift */,
				47130B5D2AE9D3A800200D99 /* ContentView.swift */,
				47130B882AE9DE1400200D99 /* Services */,
				47130B872AE9DE1000200D99 /* Models */,
				47130B862AE9DE0A00200D99 /* Stores */,
				47130B852AE9DE0400200D99 /* Views */,
				47130B5F2AE9D3A900200D99 /* Assets.xcassets */,
				47130B612AE9D3A900200D99 /* Preview Content */,
			);
			path = GitHubSearchingClient;
			sourceTree = "<group>";
		};
		47130B612AE9D3A900200D99 /* Preview Content */ = {
			isa = PBXGroup;
			children = (
				47130B622AE9D3A900200D99 /* Preview Assets.xcassets */,
			);
			path = "Preview Content";
			sourceTree = "<group>";
		};
		47130B6B2AE9D3AA00200D99 /* GitHubSearchingClientTests */ = {
			isa = PBXGroup;
			children = (
				47130B6C2AE9D3AA00200D99 /* GitHubSearchingClientTests.swift */,
			);
			path = GitHubSearchingClientTests;
			sourceTree = "<group>";
		};
		47130B752AE9D3AA00200D99 /* GitHubSearchingClientUITests */ = {
			isa = PBXGroup;
			children = (
				47130B762AE9D3AA00200D99 /* GitHubSearchingClientUITests.swift */,
				47130B782AE9D3AA00200D99 /* GitHubSearchingClientUITestsLaunchTests.swift */,
			);
			path = GitHubSearchingClientUITests;
			sourceTree = "<group>";
		};
		47130B852AE9DE0400200D99 /* Views */ = {
			isa = PBXGroup;
			children = (
			);
			path = Views;
			sourceTree = "<group>";
		};
		47130B862AE9DE0A00200D99 /* Stores */ = {
			isa = PBXGroup;
			children = (
			);
			path = Stores;
			sourceTree = "<group>";
		};
		47130B872AE9DE1000200D99 /* Models */ = {
			isa = PBXGroup;
			children = (
				47130B8B2AE9DE2900200D99 /* SearchResult.swift */,
				47130B8A2AE9DE2900200D99 /* Repository.swift */,
				47130B892AE9DE2900200D99 /* Owner.swift */,
			);
			path = Models;
			sourceTree = "<group>";
		};
		47130B882AE9DE1400200D99 /* Services */ = {
			isa = PBXGroup;
			children = (
				47130B8F2AE9DF0400200D99 /* WebService.swift */,
			);
			path = Services;
			sourceTree = "<group>";
		};
/* End PBXGroup section */

/* Begin PBXNativeTarget section */
		47130B572AE9D3A800200D99 /* GitHubSearchingClient */ = {
			isa = PBXNativeTarget;
			buildConfigurationList = 47130B7C2AE9D3AA00200D99 /* Build configuration list for PBXNativeTarget "GitHubSearchingClient" */;
			buildPhases = (
				47130B542AE9D3A800200D99 /* Sources */,
				47130B552AE9D3A800200D99 /* Frameworks */,
				47130B562AE9D3A800200D99 /* Resources */,
			);
			buildRules = (
			);
			dependencies = (
			);
			name = GitHubSearchingClient;
			productName = GitHubSearchingClient;
			productReference = 47130B582AE9D3A800200D99 /* GitHubSearchingClient.app */;
			productType = "com.apple.product-type.application";
		};
		47130B672AE9D3AA00200D99 /* GitHubSearchingClientTests */ = {
			isa = PBXNativeTarget;
			buildConfigurationList = 47130B7F2AE9D3AA00200D99 /* Build configuration list for PBXNativeTarget "GitHubSearchingClientTests" */;
			buildPhases = (
				47130B642AE9D3AA00200D99 /* Sources */,
				47130B652AE9D3AA00200D99 /* Frameworks */,
				47130B662AE9D3AA00200D99 /* Resources */,
			);
			buildRules = (
			);
			dependencies = (
				47130B6A2AE9D3AA00200D99 /* PBXTargetDependency */,
			);
			name = GitHubSearchingClientTests;
			productName = GitHubSearchingClientTests;
			productReference = 47130B682AE9D3AA00200D99 /* GitHubSearchingClientTests.xctest */;
			productType = "com.apple.product-type.bundle.unit-test";
		};
		47130B712AE9D3AA00200D99 /* GitHubSearchingClientUITests */ = {
			isa = PBXNativeTarget;
			buildConfigurationList = 47130B822AE9D3AA00200D99 /* Build configuration list for PBXNativeTarget "GitHubSearchingClientUITests" */;
			buildPhases = (
				47130B6E2AE9D3AA00200D99 /* Sources */,
				47130B6F2AE9D3AA00200D99 /* Frameworks */,
				47130B702AE9D3AA00200D99 /* Resources */,
			);
			buildRules = (
			);
			dependencies = (
				47130B742AE9D3AA00200D99 /* PBXTargetDependency */,
			);
			name = GitHubSearchingClientUITests;
			productName = GitHubSearchingClientUITests;
			productReference = 47130B722AE9D3AA00200D99 /* GitHubSearchingClientUITests.xctest */;
			productType = "com.apple.product-type.bundle.ui-testing";
		};
/* End PBXNativeTarget section */

/* Begin PBXProject section */
		47130B502AE9D3A800200D99 /* Project object */ = {
			isa = PBXProject;
			attributes = {
				BuildIndependentTargetsInParallel = 1;
				LastSwiftUpdateCheck = 1430;
				LastUpgradeCheck = 1430;
				TargetAttributes = {
					47130B572AE9D3A800200D99 = {
						CreatedOnToolsVersion = 14.3.1;
					};
					47130B672AE9D3AA00200D99 = {
						CreatedOnToolsVersion = 14.3.1;
						TestTargetID = 47130B572AE9D3A800200D99;
					};
					47130B712AE9D3AA00200D99 = {
						CreatedOnToolsVersion = 14.3.1;
						TestTargetID = 47130B572AE9D3A800200D99;
					};
				};
			};
			buildConfigurationList = 47130B532AE9D3A800200D99 /* Build configuration list for PBXProject "GitHubSearchingClient" */;
			compatibilityVersion = "Xcode 14.0";
			developmentRegion = en;
			hasScannedForEncodings = 0;
			knownRegions = (
				en,
				Base,
			);
			mainGroup = 47130B4F2AE9D3A800200D99;
			productRefGroup = 47130B592AE9D3A800200D99 /* Products */;
			projectDirPath = "";
			projectRoot = "";
			targets = (
				47130B572AE9D3A800200D99 /* GitHubSearchingClient */,
				47130B672AE9D3AA00200D99 /* GitHubSearchingClientTests */,
				47130B712AE9D3AA00200D99 /* GitHubSearchingClientUITests */,
			);
		};
/* End PBXProject section */

/* Begin PBXResourcesBuildPhase section */
		47130B562AE9D3A800200D99 /* Resources */ = {
			isa = PBXResourcesBuildPhase;
			buildActionMask = 2147483647;
			files = (
				47130B632AE9D3A900200D99 /* Preview Assets.xcassets in Resources */,
				47130B602AE9D3A900200D99 /* Assets.xcassets in Resources */,
			);
			runOnlyForDeploymentPostprocessing = 0;
		};
		47130B662AE9D3AA00200D99 /* Resources */ = {
			isa = PBXResourcesBuildPhase;
			buildActionMask = 2147483647;
			files = (
			);
			runOnlyForDeploymentPostprocessing = 0;
		};
		47130B702AE9D3AA00200D99 /* Resources */ = {
			isa = PBXResourcesBuildPhase;
			buildActionMask = 2147483647;
			files = (
			);
			runOnlyForDeploymentPostprocessing = 0;
		};
/* End PBXResourcesBuildPhase section */

/* Begin PBXSourcesBuildPhase section */
		47130B542AE9D3A800200D99 /* Sources */ = {
			isa = PBXSourcesBuildPhase;
			buildActionMask = 2147483647;
			files = (
				47130B902AE9DF0400200D99 /* WebService.swift in Sources */,
				47130B5E2AE9D3A800200D99 /* ContentView.swift in Sources */,
				47130B8C2AE9DE2900200D99 /* Owner.swift in Sources */,
				47130B8E2AE9DE2900200D99 /* SearchResult.swift in Sources */,
				47130B5C2AE9D3A800200D99 /* GitHubSearchingClientApp.swift in Sources */,
				47130B8D2AE9DE2900200D99 /* Repository.swift in Sources */,
			);
			runOnlyForDeploymentPostprocessing = 0;
		};
		47130B642AE9D3AA00200D99 /* Sources */ = {
			isa = PBXSourcesBuildPhase;
			buildActionMask = 2147483647;
			files = (
				47130B6D2AE9D3AA00200D99 /* GitHubSearchingClientTests.swift in Sources */,
			);
			runOnlyForDeploymentPostprocessing = 0;
		};
		47130B6E2AE9D3AA00200D99 /* Sources */ = {
			isa = PBXSourcesBuildPhase;
			buildActionMask = 2147483647;
			files = (
				47130B772AE9D3AA00200D99 /* GitHubSearchingClientUITests.swift in Sources */,
				47130B792AE9D3AA00200D99 /* GitHubSearchingClientUITestsLaunchTests.swift in Sources */,
			);
			runOnlyForDeploymentPostprocessing = 0;
		};
/* End PBXSourcesBuildPhase section */

/* Begin PBXTargetDependency section */
		47130B6A2AE9D3AA00200D99 /* PBXTargetDependency */ = {
			isa = PBXTargetDependency;
			target = 47130B572AE9D3A800200D99 /* GitHubSearchingClient */;
			targetProxy = 47130B692AE9D3AA00200D99 /* PBXContainerItemProxy */;
		};
		47130B742AE9D3AA00200D99 /* PBXTargetDependency */ = {
			isa = PBXTargetDependency;
			target = 47130B572AE9D3A800200D99 /* GitHubSearchingClient */;
			targetProxy = 47130B732AE9D3AA00200D99 /* PBXContainerItemProxy */;
		};
/* End PBXTargetDependency section */

/* Begin XCBuildConfiguration section */
		47130B7A2AE9D3AA00200D99 /* Debug */ = {
			isa = XCBuildConfiguration;
			buildSettings = {
				ALWAYS_SEARCH_USER_PATHS = NO;
				CLANG_ANALYZER_NONNULL = YES;
				CLANG_ANALYZER_NUMBER_OBJECT_CONVERSION = YES_AGGRESSIVE;
				CLANG_CXX_LANGUAGE_STANDARD = "gnu++20";
				CLANG_ENABLE_MODULES = YES;
				CLANG_ENABLE_OBJC_ARC = YES;
				CLANG_ENABLE_OBJC_WEAK = YES;
				CLANG_WARN_BLOCK_CAPTURE_AUTORELEASING = YES;
				CLANG_WARN_BOOL_CONVERSION = YES;
				CLANG_WARN_COMMA = YES;
				CLANG_WARN_CONSTANT_CONVERSION = YES;
				CLANG_WARN_DEPRECATED_OBJC_IMPLEMENTATIONS = YES;
				CLANG_WARN_DIRECT_OBJC_ISA_USAGE = YES_ERROR;
				CLANG_WARN_DOCUMENTATION_COMMENTS = YES;
				CLANG_WARN_EMPTY_BODY = YES;
				CLANG_WARN_ENUM_CONVERSION = YES;
				CLANG_WARN_INFINITE_RECURSION = YES;
				CLANG_WARN_INT_CONVERSION = YES;
				CLANG_WARN_NON_LITERAL_NULL_CONVERSION = YES;
				CLANG_WARN_OBJC_IMPLICIT_RETAIN_SELF = YES;
				CLANG_WARN_OBJC_LITERAL_CONVERSION = YES;
				CLANG_WARN_OBJC_ROOT_CLASS = YES_ERROR;
				CLANG_WARN_QUOTED_INCLUDE_IN_FRAMEWORK_HEADER = YES;
				CLANG_WARN_RANGE_LOOP_ANALYSIS = YES;
				CLANG_WARN_STRICT_PROTOTYPES = YES;
				CLANG_WARN_SUSPICIOUS_MOVE = YES;
				CLANG_WARN_UNGUARDED_AVAILABILITY = YES_AGGRESSIVE;
				CLANG_WARN_UNREACHABLE_CODE = YES;
				CLANG_WARN__DUPLICATE_METHOD_MATCH = YES;
				COPY_PHASE_STRIP = NO;
				DEBUG_INFORMATION_FORMAT = dwarf;
				ENABLE_STRICT_OBJC_MSGSEND = YES;
				ENABLE_TESTABILITY = YES;
				GCC_C_LANGUAGE_STANDARD = gnu11;
				GCC_DYNAMIC_NO_PIC = NO;
				GCC_NO_COMMON_BLOCKS = YES;
				GCC_OPTIMIZATION_LEVEL = 0;
				GCC_PREPROCESSOR_DEFINITIONS = (
					"DEBUG=1",
					"$(inherited)",
				);
				GCC_WARN_64_TO_32_BIT_CONVERSION = YES;
				GCC_WARN_ABOUT_RETURN_TYPE = YES_ERROR;
				GCC_WARN_UNDECLARED_SELECTOR = YES;
				GCC_WARN_UNINITIALIZED_AUTOS = YES_AGGRESSIVE;
				GCC_WARN_UNUSED_FUNCTION = YES;
				GCC_WARN_UNUSED_VARIABLE = YES;
				IPHONEOS_DEPLOYMENT_TARGET = 16.4;
				MTL_ENABLE_DEBUG_INFO = INCLUDE_SOURCE;
				MTL_FAST_MATH = YES;
				ONLY_ACTIVE_ARCH = YES;
				SDKROOT = iphoneos;
				SWIFT_ACTIVE_COMPILATION_CONDITIONS = DEBUG;
				SWIFT_OPTIMIZATION_LEVEL = "-Onone";
			};
			name = Debug;
		};
		47130B7B2AE9D3AA00200D99 /* Release */ = {
			isa = XCBuildConfiguration;
			buildSettings = {
				ALWAYS_SEARCH_USER_PATHS = NO;
				CLANG_ANALYZER_NONNULL = YES;
				CLANG_ANALYZER_NUMBER_OBJECT_CONVERSION = YES_AGGRESSIVE;
				CLANG_CXX_LANGUAGE_STANDARD = "gnu++20";
				CLANG_ENABLE_MODULES = YES;
				CLANG_ENABLE_OBJC_ARC = YES;
				CLANG_ENABLE_OBJC_WEAK = YES;
				CLANG_WARN_BLOCK_CAPTURE_AUTORELEASING = YES;
				CLANG_WARN_BOOL_CONVERSION = YES;
				CLANG_WARN_COMMA = YES;
				CLANG_WARN_CONSTANT_CONVERSION = YES;
				CLANG_WARN_DEPRECATED_OBJC_IMPLEMENTATIONS = YES;
				CLANG_WARN_DIRECT_OBJC_ISA_USAGE = YES_ERROR;
				CLANG_WARN_DOCUMENTATION_COMMENTS = YES;
				CLANG_WARN_EMPTY_BODY = YES;
				CLANG_WARN_ENUM_CONVERSION = YES;
				CLANG_WARN_INFINITE_RECURSION = YES;
				CLANG_WARN_INT_CONVERSION = YES;
				CLANG_WARN_NON_LITERAL_NULL_CONVERSION = YES;
				CLANG_WARN_OBJC_IMPLICIT_RETAIN_SELF = YES;
				CLANG_WARN_OBJC_LITERAL_CONVERSION = YES;
				CLANG_WARN_OBJC_ROOT_CLASS = YES_ERROR;
				CLANG_WARN_QUOTED_INCLUDE_IN_FRAMEWORK_HEADER = YES;
				CLANG_WARN_RANGE_LOOP_ANALYSIS = YES;
				CLANG_WARN_STRICT_PROTOTYPES = YES;
				CLANG_WARN_SUSPICIOUS_MOVE = YES;
				CLANG_WARN_UNGUARDED_AVAILABILITY = YES_AGGRESSIVE;
				CLANG_WARN_UNREACHABLE_CODE = YES;
				CLANG_WARN__DUPLICATE_METHOD_MATCH = YES;
				COPY_PHASE_STRIP = NO;
				DEBUG_INFORMATION_FORMAT = "dwarf-with-dsym";
				ENABLE_NS_ASSERTIONS = NO;
				ENABLE_STRICT_OBJC_MSGSEND = YES;
				GCC_C_LANGUAGE_STANDARD = gnu11;
				GCC_NO_COMMON_BLOCKS = YES;
				GCC_WARN_64_TO_32_BIT_CONVERSION = YES;
				GCC_WARN_ABOUT_RETURN_TYPE = YES_ERROR;
				GCC_WARN_UNDECLARED_SELECTOR = YES;
				GCC_WARN_UNINITIALIZED_AUTOS = YES_AGGRESSIVE;
				GCC_WARN_UNUSED_FUNCTION = YES;
				GCC_WARN_UNUSED_VARIABLE = YES;
				IPHONEOS_DEPLOYMENT_TARGET = 16.4;
				MTL_ENABLE_DEBUG_INFO = NO;
				MTL_FAST_MATH = YES;
				SDKROOT = iphoneos;
				SWIFT_COMPILATION_MODE = wholemodule;
				SWIFT_OPTIMIZATION_LEVEL = "-O";
				VALIDATE_PRODUCT = YES;
			};
			name = Release;
		};
		47130B7D2AE9D3AA00200D99 /* Debug */ = {
			isa = XCBuildConfiguration;
			buildSettings = {
				ASSETCATALOG_COMPILER_APPICON_NAME = AppIcon;
				ASSETCATALOG_COMPILER_GLOBAL_ACCENT_COLOR_NAME = AccentColor;
				CODE_SIGN_STYLE = Automatic;
				CURRENT_PROJECT_VERSION = 1;
				DEVELOPMENT_ASSET_PATHS = "\"GitHubSearchingClient/Preview Content\"";
				DEVELOPMENT_TEAM = 3DN56K82YX;
				ENABLE_PREVIEWS = YES;
				GENERATE_INFOPLIST_FILE = YES;
				INFOPLIST_KEY_UIApplicationSceneManifest_Generation = YES;
				INFOPLIST_KEY_UIApplicationSupportsIndirectInputEvents = YES;
				INFOPLIST_KEY_UILaunchScreen_Generation = YES;
				INFOPLIST_KEY_UISupportedInterfaceOrientations_iPad = "UIInterfaceOrientationPortrait UIInterfaceOrientationPortraitUpsideDown UIInterfaceOrientationLandscapeLeft UIInterfaceOrientationLandscapeRight";
				INFOPLIST_KEY_UISupportedInterfaceOrientations_iPhone = "UIInterfaceOrientationPortrait UIInterfaceOrientationLandscapeLeft UIInterfaceOrientationLandscapeRight";
				LD_RUNPATH_SEARCH_PATHS = (
					"$(inherited)",
					"@executable_path/Frameworks",
				);
				MARKETING_VERSION = 1.0;
				PRODUCT_BUNDLE_IDENTIFIER = com.gmail.yohei.shimizu.1190.GitHubSearchingClient;
				PRODUCT_NAME = "$(TARGET_NAME)";
				SUPPORTED_PLATFORMS = "iphoneos iphonesimulator";
				SUPPORTS_MACCATALYST = NO;
				SUPPORTS_MAC_DESIGNED_FOR_IPHONE_IPAD = NO;
				SWIFT_EMIT_LOC_STRINGS = YES;
				SWIFT_VERSION = 5.0;
				TARGETED_DEVICE_FAMILY = "1,2";
			};
			name = Debug;
		};
		47130B7E2AE9D3AA00200D99 /* Release */ = {
			isa = XCBuildConfiguration;
			buildSettings = {
				ASSETCATALOG_COMPILER_APPICON_NAME = AppIcon;
				ASSETCATALOG_COMPILER_GLOBAL_ACCENT_COLOR_NAME = AccentColor;
				CODE_SIGN_STYLE = Automatic;
				CURRENT_PROJECT_VERSION = 1;
				DEVELOPMENT_ASSET_PATHS = "\"GitHubSearchingClient/Preview Content\"";
				DEVELOPMENT_TEAM = 3DN56K82YX;
				ENABLE_PREVIEWS = YES;
				GENERATE_INFOPLIST_FILE = YES;
				INFOPLIST_KEY_UIApplicationSceneManifest_Generation = YES;
				INFOPLIST_KEY_UIApplicationSupportsIndirectInputEvents = YES;
				INFOPLIST_KEY_UILaunchScreen_Generation = YES;
				INFOPLIST_KEY_UISupportedInterfaceOrientations_iPad = "UIInterfaceOrientationPortrait UIInterfaceOrientationPortraitUpsideDown UIInterfaceOrientationLandscapeLeft UIInterfaceOrientationLandscapeRight";
				INFOPLIST_KEY_UISupportedInterfaceOrientations_iPhone = "UIInterfaceOrientationPortrait UIInterfaceOrientationLandscapeLeft UIInterfaceOrientationLandscapeRight";
				LD_RUNPATH_SEARCH_PATHS = (
					"$(inherited)",
					"@executable_path/Frameworks",
				);
				MARKETING_VERSION = 1.0;
				PRODUCT_BUNDLE_IDENTIFIER = com.gmail.yohei.shimizu.1190.GitHubSearchingClient;
				PRODUCT_NAME = "$(TARGET_NAME)";
				SUPPORTED_PLATFORMS = "iphoneos iphonesimulator";
				SUPPORTS_MACCATALYST = NO;
				SUPPORTS_MAC_DESIGNED_FOR_IPHONE_IPAD = NO;
				SWIFT_EMIT_LOC_STRINGS = YES;
				SWIFT_VERSION = 5.0;
				TARGETED_DEVICE_FAMILY = "1,2";
			};
			name = Release;
		};
		47130B802AE9D3AA00200D99 /* Debug */ = {
			isa = XCBuildConfiguration;
			buildSettings = {
				ALWAYS_EMBED_SWIFT_STANDARD_LIBRARIES = YES;
				BUNDLE_LOADER = "$(TEST_HOST)";
				CODE_SIGN_STYLE = Automatic;
				CURRENT_PROJECT_VERSION = 1;
				DEVELOPMENT_TEAM = 3DN56K82YX;
				GENERATE_INFOPLIST_FILE = YES;
				IPHONEOS_DEPLOYMENT_TARGET = 16.4;
				MARKETING_VERSION = 1.0;
				PRODUCT_BUNDLE_IDENTIFIER = com.gmail.yohei.shimizu.1190.GitHubSearchingClientTests;
				PRODUCT_NAME = "$(TARGET_NAME)";
				SWIFT_EMIT_LOC_STRINGS = NO;
				SWIFT_VERSION = 5.0;
				TARGETED_DEVICE_FAMILY = "1,2";
				TEST_HOST = "$(BUILT_PRODUCTS_DIR)/GitHubSearchingClient.app/$(BUNDLE_EXECUTABLE_FOLDER_PATH)/GitHubSearchingClient";
			};
			name = Debug;
		};
		47130B812AE9D3AA00200D99 /* Release */ = {
			isa = XCBuildConfiguration;
			buildSettings = {
				ALWAYS_EMBED_SWIFT_STANDARD_LIBRARIES = YES;
				BUNDLE_LOADER = "$(TEST_HOST)";
				CODE_SIGN_STYLE = Automatic;
				CURRENT_PROJECT_VERSION = 1;
				DEVELOPMENT_TEAM = 3DN56K82YX;
				GENERATE_INFOPLIST_FILE = YES;
				IPHONEOS_DEPLOYMENT_TARGET = 16.4;
				MARKETING_VERSION = 1.0;
				PRODUCT_BUNDLE_IDENTIFIER = com.gmail.yohei.shimizu.1190.GitHubSearchingClientTests;
				PRODUCT_NAME = "$(TARGET_NAME)";
				SWIFT_EMIT_LOC_STRINGS = NO;
				SWIFT_VERSION = 5.0;
				TARGETED_DEVICE_FAMILY = "1,2";
				TEST_HOST = "$(BUILT_PRODUCTS_DIR)/GitHubSearchingClient.app/$(BUNDLE_EXECUTABLE_FOLDER_PATH)/GitHubSearchingClient";
			};
			name = Release;
		};
		47130B832AE9D3AA00200D99 /* Debug */ = {
			isa = XCBuildConfiguration;
			buildSettings = {
				ALWAYS_EMBED_SWIFT_STANDARD_LIBRARIES = YES;
				CODE_SIGN_STYLE = Automatic;
				CURRENT_PROJECT_VERSION = 1;
				DEVELOPMENT_TEAM = 3DN56K82YX;
				GENERATE_INFOPLIST_FILE = YES;
				MARKETING_VERSION = 1.0;
				PRODUCT_BUNDLE_IDENTIFIER = com.gmail.yohei.shimizu.1190.GitHubSearchingClientUITests;
				PRODUCT_NAME = "$(TARGET_NAME)";
				SWIFT_EMIT_LOC_STRINGS = NO;
				SWIFT_VERSION = 5.0;
				TARGETED_DEVICE_FAMILY = "1,2";
				TEST_TARGET_NAME = GitHubSearchingClient;
			};
			name = Debug;
		};
		47130B842AE9D3AA00200D99 /* Release */ = {
			isa = XCBuildConfiguration;
			buildSettings = {
				ALWAYS_EMBED_SWIFT_STANDARD_LIBRARIES = YES;
				CODE_SIGN_STYLE = Automatic;
				CURRENT_PROJECT_VERSION = 1;
				DEVELOPMENT_TEAM = 3DN56K82YX;
				GENERATE_INFOPLIST_FILE = YES;
				MARKETING_VERSION = 1.0;
				PRODUCT_BUNDLE_IDENTIFIER = com.gmail.yohei.shimizu.1190.GitHubSearchingClientUITests;
				PRODUCT_NAME = "$(TARGET_NAME)";
				SWIFT_EMIT_LOC_STRINGS = NO;
				SWIFT_VERSION = 5.0;
				TARGETED_DEVICE_FAMILY = "1,2";
				TEST_TARGET_NAME = GitHubSearchingClient;
			};
			name = Release;
		};
/* End XCBuildConfiguration section */

/* Begin XCConfigurationList section */
		47130B532AE9D3A800200D99 /* Build configuration list for PBXProject "GitHubSearchingClient" */ = {
			isa = XCConfigurationList;
			buildConfigurations = (
				47130B7A2AE9D3AA00200D99 /* Debug */,
				47130B7B2AE9D3AA00200D99 /* Release */,
			);
			defaultConfigurationIsVisible = 0;
			defaultConfigurationName = Release;
		};
		47130B7C2AE9D3AA00200D99 /* Build configuration list for PBXNativeTarget "GitHubSearchingClient" */ = {
			isa = XCConfigurationList;
			buildConfigurations = (
				47130B7D2AE9D3AA00200D99 /* Debug */,
				47130B7E2AE9D3AA00200D99 /* Release */,
			);
			defaultConfigurationIsVisible = 0;
			defaultConfigurationName = Release;
		};
		47130B7F2AE9D3AA00200D99 /* Build configuration list for PBXNativeTarget "GitHubSearchingClientTests" */ = {
			isa = XCConfigurationList;
			buildConfigurations = (
				47130B802AE9D3AA00200D99 /* Debug */,
				47130B812AE9D3AA00200D99 /* Release */,
			);
			defaultConfigurationIsVisible = 0;
			defaultConfigurationName = Release;
		};
		47130B822AE9D3AA00200D99 /* Build configuration list for PBXNativeTarget "GitHubSearchingClientUITests" */ = {
			isa = XCConfigurationList;
			buildConfigurations = (
				47130B832AE9D3AA00200D99 /* Debug */,
				47130B842AE9D3AA00200D99 /* Release */,
			);
			defaultConfigurationIsVisible = 0;
			defaultConfigurationName = Release;
		};
/* End XCConfigurationList section */
	};
	rootObject = 47130B502AE9D3A800200D99 /* Project object */;
}
